// !$*UTF8*$!
{
	archiveVersion = 1;
	classes = {
	};
	objectVersion = 48;
	objects = {

/* Begin PBXBuildFile section */
		17AA46CE180FC02C3C7508B2 /* Pods_FikaTime.framework in Frameworks */ = {isa = PBXBuildFile; fileRef = A6A135B5BF5A205E0DF9AED7 /* Pods_FikaTime.framework */; };
		A502BAC82089CFAE009DCD07 /* Cafe.swift in Sources */ = {isa = PBXBuildFile; fileRef = A502BAC72089CFAE009DCD07 /* Cafe.swift */; };
		A502BACA2089D102009DCD07 /* DataStorage.swift in Sources */ = {isa = PBXBuildFile; fileRef = A502BAC92089D102009DCD07 /* DataStorage.swift */; };
		A502BACC2089E106009DCD07 /* GoogleService-Info.plist in Resources */ = {isa = PBXBuildFile; fileRef = A502BACB2089E106009DCD07 /* GoogleService-Info.plist */; };
		A5609C852089E547009A42D5 /* MainViewController.swift in Sources */ = {isa = PBXBuildFile; fileRef = A5609C842089E547009A42D5 /* MainViewController.swift */; };
		A5609C872089E595009A42D5 /* DetailViewController.swift in Sources */ = {isa = PBXBuildFile; fileRef = A5609C862089E595009A42D5 /* DetailViewController.swift */; };
		A5693B1F2084E451005E8F44 /* AppDelegate.swift in Sources */ = {isa = PBXBuildFile; fileRef = A5693B1E2084E451005E8F44 /* AppDelegate.swift */; };
		A5693B212084E451005E8F44 /* ViewController.swift in Sources */ = {isa = PBXBuildFile; fileRef = A5693B202084E451005E8F44 /* ViewController.swift */; };
		A5693B242084E451005E8F44 /* Main.storyboard in Resources */ = {isa = PBXBuildFile; fileRef = A5693B222084E451005E8F44 /* Main.storyboard */; };
		A5693B262084E451005E8F44 /* Assets.xcassets in Resources */ = {isa = PBXBuildFile; fileRef = A5693B252084E451005E8F44 /* Assets.xcassets */; };
		A5693B292084E451005E8F44 /* LaunchScreen.storyboard in Resources */ = {isa = PBXBuildFile; fileRef = A5693B272084E451005E8F44 /* LaunchScreen.storyboard */; };
		A5E6960B208C93BA00DD004C /* AddViewController.swift in Sources */ = {isa = PBXBuildFile; fileRef = A5E6960A208C93BA00DD004C /* AddViewController.swift */; };
		A5E6960D208C97DF00DD004C /* Extensions.swift in Sources */ = {isa = PBXBuildFile; fileRef = A5E6960C208C97DF00DD004C /* Extensions.swift */; };
/* End PBXBuildFile section */

/* Begin PBXFileReference section */
		3B60CA75F59EEEA3B238C6C3 /* Pods-FikaTime.release.xcconfig */ = {isa = PBXFileReference; includeInIndex = 1; lastKnownFileType = text.xcconfig; name = "Pods-FikaTime.release.xcconfig"; path = "Pods/Target Support Files/Pods-FikaTime/Pods-FikaTime.release.xcconfig"; sourceTree = "<group>"; };
		41AD0D98B726FC8650A37930 /* Pods-FikaTime.debug.xcconfig */ = {isa = PBXFileReference; includeInIndex = 1; lastKnownFileType = text.xcconfig; name = "Pods-FikaTime.debug.xcconfig"; path = "Pods/Target Support Files/Pods-FikaTime/Pods-FikaTime.debug.xcconfig"; sourceTree = "<group>"; };
		A502BAC72089CFAE009DCD07 /* Cafe.swift */ = {isa = PBXFileReference; lastKnownFileType = sourcecode.swift; path = Cafe.swift; sourceTree = "<group>"; };
		A502BAC92089D102009DCD07 /* DataStorage.swift */ = {isa = PBXFileReference; lastKnownFileType = sourcecode.swift; path = DataStorage.swift; sourceTree = "<group>"; };
		A502BACB2089E106009DCD07 /* GoogleService-Info.plist */ = {isa = PBXFileReference; fileEncoding = 4; lastKnownFileType = text.plist.xml; path = "GoogleService-Info.plist"; sourceTree = "<group>"; };
		A5609C842089E547009A42D5 /* MainViewController.swift */ = {isa = PBXFileReference; lastKnownFileType = sourcecode.swift; path = MainViewController.swift; sourceTree = "<group>"; };
		A5609C862089E595009A42D5 /* DetailViewController.swift */ = {isa = PBXFileReference; lastKnownFileType = sourcecode.swift; path = DetailViewController.swift; sourceTree = "<group>"; };
		A5693B1B2084E451005E8F44 /* FikaTime.app */ = {isa = PBXFileReference; explicitFileType = wrapper.application; includeInIndex = 0; path = FikaTime.app; sourceTree = BUILT_PRODUCTS_DIR; };
		A5693B1E2084E451005E8F44 /* AppDelegate.swift */ = {isa = PBXFileReference; lastKnownFileType = sourcecode.swift; path = AppDelegate.swift; sourceTree = "<group>"; };
		A5693B202084E451005E8F44 /* ViewController.swift */ = {isa = PBXFileReference; lastKnownFileType = sourcecode.swift; path = ViewController.swift; sourceTree = "<group>"; };
		A5693B232084E451005E8F44 /* Base */ = {isa = PBXFileReference; lastKnownFileType = file.storyboard; name = Base; path = Base.lproj/Main.storyboard; sourceTree = "<group>"; };
		A5693B252084E451005E8F44 /* Assets.xcassets */ = {isa = PBXFileReference; lastKnownFileType = folder.assetcatalog; path = Assets.xcassets; sourceTree = "<group>"; };
		A5693B282084E451005E8F44 /* Base */ = {isa = PBXFileReference; lastKnownFileType = file.storyboard; name = Base; path = Base.lproj/LaunchScreen.storyboard; sourceTree = "<group>"; };
		A5693B2A2084E451005E8F44 /* Info.plist */ = {isa = PBXFileReference; lastKnownFileType = text.plist.xml; path = Info.plist; sourceTree = "<group>"; };
		A5E6960A208C93BA00DD004C /* AddViewController.swift */ = {isa = PBXFileReference; lastKnownFileType = sourcecode.swift; path = AddViewController.swift; sourceTree = "<group>"; };
		A5E6960C208C97DF00DD004C /* Extensions.swift */ = {isa = PBXFileReference; lastKnownFileType = sourcecode.swift; path = Extensions.swift; sourceTree = "<group>"; };
		A6A135B5BF5A205E0DF9AED7 /* Pods_FikaTime.framework */ = {isa = PBXFileReference; explicitFileType = wrapper.framework; includeInIndex = 0; path = Pods_FikaTime.framework; sourceTree = BUILT_PRODUCTS_DIR; };
/* End PBXFileReference section */

/* Begin PBXFrameworksBuildPhase section */
		A5693B182084E451005E8F44 /* Frameworks */ = {
			isa = PBXFrameworksBuildPhase;
			buildActionMask = 2147483647;
			files = (
				17AA46CE180FC02C3C7508B2 /* Pods_FikaTime.framework in Frameworks */,
			);
			runOnlyForDeploymentPostprocessing = 0;
		};
/* End PBXFrameworksBuildPhase section */

/* Begin PBXGroup section */
		934A46A17099E3F7043D1267 /* Frameworks */ = {
			isa = PBXGroup;
			children = (
				A6A135B5BF5A205E0DF9AED7 /* Pods_FikaTime.framework */,
			);
			name = Frameworks;
			sourceTree = "<group>";
		};
		A502BAC62089CF8F009DCD07 /* Model */ = {
			isa = PBXGroup;
			children = (
				A502BAC72089CFAE009DCD07 /* Cafe.swift */,
				A502BAC92089D102009DCD07 /* DataStorage.swift */,
				A5E6960C208C97DF00DD004C /* Extensions.swift */,
			);
			path = Model;
			sourceTree = "<group>";
		};
		A5609C832089E526009A42D5 /* Controller */ = {
			isa = PBXGroup;
			children = (
				A5609C842089E547009A42D5 /* MainViewController.swift */,
				A5609C862089E595009A42D5 /* DetailViewController.swift */,
				A5E6960A208C93BA00DD004C /* AddViewController.swift */,
			);
			path = Controller;
			sourceTree = "<group>";
		};
		A5693B122084E451005E8F44 = {
			isa = PBXGroup;
			children = (
				A5693B1D2084E451005E8F44 /* FikaTime */,
				A5693B1C2084E451005E8F44 /* Products */,
				EC458DB4B05C8C67354E1BF8 /* Pods */,
				934A46A17099E3F7043D1267 /* Frameworks */,
			);
			sourceTree = "<group>";
		};
		A5693B1C2084E451005E8F44 /* Products */ = {
			isa = PBXGroup;
			children = (
				A5693B1B2084E451005E8F44 /* FikaTime.app */,
			);
			name = Products;
			sourceTree = "<group>";
		};
		A5693B1D2084E451005E8F44 /* FikaTime */ = {
			isa = PBXGroup;
			children = (
				A5609C832089E526009A42D5 /* Controller */,
				A502BAC62089CF8F009DCD07 /* Model */,
				A5693B1E2084E451005E8F44 /* AppDelegate.swift */,
				A5693B202084E451005E8F44 /* ViewController.swift */,
				A5693B222084E451005E8F44 /* Main.storyboard */,
				A5693B252084E451005E8F44 /* Assets.xcassets */,
				A5693B272084E451005E8F44 /* LaunchScreen.storyboard */,
				A5693B2A2084E451005E8F44 /* Info.plist */,
				A502BACB2089E106009DCD07 /* GoogleService-Info.plist */,
			);
			path = FikaTime;
			sourceTree = "<group>";
		};
		EC458DB4B05C8C67354E1BF8 /* Pods */ = {
			isa = PBXGroup;
			children = (
				41AD0D98B726FC8650A37930 /* Pods-FikaTime.debug.xcconfig */,
				3B60CA75F59EEEA3B238C6C3 /* Pods-FikaTime.release.xcconfig */,
			);
			name = Pods;
			sourceTree = "<group>";
		};
/* End PBXGroup section */

/* Begin PBXNativeTarget section */
		A5693B1A2084E451005E8F44 /* FikaTime */ = {
			isa = PBXNativeTarget;
			buildConfigurationList = A5693B2D2084E451005E8F44 /* Build configuration list for PBXNativeTarget "FikaTime" */;
			buildPhases = (
				05C745337C89DEF0726432E3 /* [CP] Check Pods Manifest.lock */,
				A5693B172084E451005E8F44 /* Sources */,
				A5693B182084E451005E8F44 /* Frameworks */,
				A5693B192084E451005E8F44 /* Resources */,
				EC110102BE4B4FF8251DF701 /* [CP] Embed Pods Frameworks */,
				56FFC0A079867419699C1642 /* [CP] Copy Pods Resources */,
			);
			buildRules = (
			);
			dependencies = (
			);
			name = FikaTime;
			productName = FikaTime;
			productReference = A5693B1B2084E451005E8F44 /* FikaTime.app */;
			productType = "com.apple.product-type.application";
		};
/* End PBXNativeTarget section */

/* Begin PBXProject section */
		A5693B132084E451005E8F44 /* Project object */ = {
			isa = PBXProject;
			attributes = {
				LastSwiftUpdateCheck = 0920;
				LastUpgradeCheck = 0920;
				ORGANIZATIONNAME = "Milja V";
				TargetAttributes = {
					A5693B1A2084E451005E8F44 = {
						CreatedOnToolsVersion = 9.2;
						ProvisioningStyle = Automatic;
					};
				};
			};
			buildConfigurationList = A5693B162084E451005E8F44 /* Build configuration list for PBXProject "FikaTime" */;
			compatibilityVersion = "Xcode 8.0";
			developmentRegion = en;
			hasScannedForEncodings = 0;
			knownRegions = (
				en,
				Base,
			);
			mainGroup = A5693B122084E451005E8F44;
			productRefGroup = A5693B1C2084E451005E8F44 /* Products */;
			projectDirPath = "";
			projectRoot = "";
			targets = (
				A5693B1A2084E451005E8F44 /* FikaTime */,
			);
		};
/* End PBXProject section */

/* Begin PBXResourcesBuildPhase section */
		A5693B192084E451005E8F44 /* Resources */ = {
			isa = PBXResourcesBuildPhase;
			buildActionMask = 2147483647;
			files = (
				A5693B292084E451005E8F44 /* LaunchScreen.storyboard in Resources */,
				A502BACC2089E106009DCD07 /* GoogleService-Info.plist in Resources */,
				A5693B262084E451005E8F44 /* Assets.xcassets in Resources */,
				A5693B242084E451005E8F44 /* Main.storyboard in Resources */,
			);
			runOnlyForDeploymentPostprocessing = 0;
		};
/* End PBXResourcesBuildPhase section */

/* Begin PBXShellScriptBuildPhase section */
		05C745337C89DEF0726432E3 /* [CP] Check Pods Manifest.lock */ = {
			isa = PBXShellScriptBuildPhase;
			buildActionMask = 2147483647;
			files = (
			);
			inputPaths = (
				"${PODS_PODFILE_DIR_PATH}/Podfile.lock",
				"${PODS_ROOT}/Manifest.lock",
			);
			name = "[CP] Check Pods Manifest.lock";
			outputPaths = (
				"$(DERIVED_FILE_DIR)/Pods-FikaTime-checkManifestLockResult.txt",
			);
			runOnlyForDeploymentPostprocessing = 0;
			shellPath = /bin/sh;
			shellScript = "diff \"${PODS_PODFILE_DIR_PATH}/Podfile.lock\" \"${PODS_ROOT}/Manifest.lock\" > /dev/null\nif [ $? != 0 ] ; then\n    # print error to STDERR\n    echo \"error: The sandbox is not in sync with the Podfile.lock. Run 'pod install' or update your CocoaPods installation.\" >&2\n    exit 1\nfi\n# This output is used by Xcode 'outputs' to avoid re-running this script phase.\necho \"SUCCESS\" > \"${SCRIPT_OUTPUT_FILE_0}\"\n";
			showEnvVarsInLog = 0;
		};
		56FFC0A079867419699C1642 /* [CP] Copy Pods Resources */ = {
			isa = PBXShellScriptBuildPhase;
			buildActionMask = 2147483647;
			files = (
			);
			inputPaths = (
			);
			name = "[CP] Copy Pods Resources";
			outputPaths = (
			);
			runOnlyForDeploymentPostprocessing = 0;
			shellPath = /bin/sh;
			shellScript = "\"${SRCROOT}/Pods/Target Support Files/Pods-FikaTime/Pods-FikaTime-resources.sh\"\n";
			showEnvVarsInLog = 0;
		};
		EC110102BE4B4FF8251DF701 /* [CP] Embed Pods Frameworks */ = {
			isa = PBXShellScriptBuildPhase;
			buildActionMask = 2147483647;
			files = (
			);
			inputPaths = (
				"${SRCROOT}/Pods/Target Support Files/Pods-FikaTime/Pods-FikaTime-frameworks.sh",
				"${BUILT_PRODUCTS_DIR}/Cosmos/Cosmos.framework",
				"${BUILT_PRODUCTS_DIR}/GTMSessionFetcher/GTMSessionFetcher.framework",
				"${BUILT_PRODUCTS_DIR}/GoogleToolboxForMac/GoogleToolboxForMac.framework",
				"${BUILT_PRODUCTS_DIR}/leveldb-library/leveldb.framework",
				"${BUILT_PRODUCTS_DIR}/nanopb/nanopb.framework",
			);
			name = "[CP] Embed Pods Frameworks";
			outputPaths = (
				"${TARGET_BUILD_DIR}/${FRAMEWORKS_FOLDER_PATH}/Cosmos.framework",
				"${TARGET_BUILD_DIR}/${FRAMEWORKS_FOLDER_PATH}/GTMSessionFetcher.framework",
				"${TARGET_BUILD_DIR}/${FRAMEWORKS_FOLDER_PATH}/GoogleToolboxForMac.framework",
				"${TARGET_BUILD_DIR}/${FRAMEWORKS_FOLDER_PATH}/leveldb.framework",
				"${TARGET_BUILD_DIR}/${FRAMEWORKS_FOLDER_PATH}/nanopb.framework",
			);
			runOnlyForDeploymentPostprocessing = 0;
			shellPath = /bin/sh;
			shellScript = "\"${SRCROOT}/Pods/Target Support Files/Pods-FikaTime/Pods-FikaTime-frameworks.sh\"\n";
			showEnvVarsInLog = 0;
		};
/* End PBXShellScriptBuildPhase section */

/* Begin PBXSourcesBuildPhase section */
		A5693B172084E451005E8F44 /* Sources */ = {
			isa = PBXSourcesBuildPhase;
			buildActionMask = 2147483647;
			files = (
				A5693B212084E451005E8F44 /* ViewController.swift in Sources */,
				A5693B1F2084E451005E8F44 /* AppDelegate.swift in Sources */,
				A5E6960B208C93BA00DD004C /* AddViewController.swift in Sources */,
				A5E6960D208C97DF00DD004C /* Extensions.swift in Sources */,
				A502BACA2089D102009DCD07 /* DataStorage.swift in Sources */,
				A5609C872089E595009A42D5 /* DetailViewController.swift in Sources */,
				A502BAC82089CFAE009DCD07 /* Cafe.swift in Sources */,
				A5609C852089E547009A42D5 /* MainViewController.swift in Sources */,
			);
			runOnlyForDeploymentPostprocessing = 0;
		};
/* End PBXSourcesBuildPhase section */

/* Begin PBXVariantGroup section */
		A5693B222084E451005E8F44 /* Main.storyboard */ = {
			isa = PBXVariantGroup;
			children = (
				A5693B232084E451005E8F44 /* Base */,
			);
			name = Main.storyboard;
			sourceTree = "<group>";
		};
		A5693B272084E451005E8F44 /* LaunchScreen.storyboard */ = {
			isa = PBXVariantGroup;
			children = (
				A5693B282084E451005E8F44 /* Base */,
			);
			name = LaunchScreen.storyboard;
			sourceTree = "<group>";
		};
/* End PBXVariantGroup section */

/* Begin XCBuildConfiguration section */
		A5693B2B2084E451005E8F44 /* Debug */ = {
			isa = XCBuildConfiguration;
			buildSettings = {
				ALWAYS_SEARCH_USER_PATHS = NO;
				CLANG_ANALYZER_NONNULL = YES;
				CLANG_ANALYZER_NUMBER_OBJECT_CONVERSION = YES_AGGRESSIVE;
				CLANG_CXX_LANGUAGE_STANDARD = "gnu++14";
				CLANG_CXX_LIBRARY = "libc++";
				CLANG_ENABLE_MODULES = YES;
				CLANG_ENABLE_OBJC_ARC = YES;
				CLANG_WARN_BLOCK_CAPTURE_AUTORELEASING = YES;
				CLANG_WARN_BOOL_CONVERSION = YES;
				CLANG_WARN_COMMA = YES;
				CLANG_WARN_CONSTANT_CONVERSION = YES;
				CLANG_WARN_DIRECT_OBJC_ISA_USAGE = YES_ERROR;
				CLANG_WARN_DOCUMENTATION_COMMENTS = YES;
				CLANG_WARN_EMPTY_BODY = YES;
				CLANG_WARN_ENUM_CONVERSION = YES;
				CLANG_WARN_INFINITE_RECURSION = YES;
				CLANG_WARN_INT_CONVERSION = YES;
				CLANG_WARN_NON_LITERAL_NULL_CONVERSION = YES;
				CLANG_WARN_OBJC_LITERAL_CONVERSION = YES;
				CLANG_WARN_OBJC_ROOT_CLASS = YES_ERROR;
				CLANG_WARN_RANGE_LOOP_ANALYSIS = YES;
				CLANG_WARN_STRICT_PROTOTYPES = YES;
				CLANG_WARN_SUSPICIOUS_MOVE = YES;
				CLANG_WARN_UNGUARDED_AVAILABILITY = YES_AGGRESSIVE;
				CLANG_WARN_UNREACHABLE_CODE = YES;
				CLANG_WARN__DUPLICATE_METHOD_MATCH = YES;
				CODE_SIGN_IDENTITY = "iPhone Developer";
				COPY_PHASE_STRIP = NO;
				DEBUG_INFORMATION_FORMAT = dwarf;
				ENABLE_STRICT_OBJC_MSGSEND = YES;
				ENABLE_TESTABILITY = YES;
				GCC_C_LANGUAGE_STANDARD = gnu11;
				GCC_DYNAMIC_NO_PIC = NO;
				GCC_NO_COMMON_BLOCKS = YES;
				GCC_OPTIMIZATION_LEVEL = 0;
				GCC_PREPROCESSOR_DEFINITIONS = (
					"DEBUG=1",
					"$(inherited)",
				);
				GCC_WARN_64_TO_32_BIT_CONVERSION = YES;
				GCC_WARN_ABOUT_RETURN_TYPE = YES_ERROR;
				GCC_WARN_UNDECLARED_SELECTOR = YES;
				GCC_WARN_UNINITIALIZED_AUTOS = YES_AGGRESSIVE;
				GCC_WARN_UNUSED_FUNCTION = YES;
				GCC_WARN_UNUSED_VARIABLE = YES;
				IPHONEOS_DEPLOYMENT_TARGET = 11.2;
				MTL_ENABLE_DEBUG_INFO = YES;
				ONLY_ACTIVE_ARCH = YES;
				SDKROOT = iphoneos;
				SWIFT_ACTIVE_COMPILATION_CONDITIONS = DEBUG;
				SWIFT_OPTIMIZATION_LEVEL = "-Onone";
			};
			name = Debug;
		};
		A5693B2C2084E451005E8F44 /* Release */ = {
			isa = XCBuildConfiguration;
			buildSettings = {
				ALWAYS_SEARCH_USER_PATHS = NO;
				CLANG_ANALYZER_NONNULL = YES;
				CLANG_ANALYZER_NUMBER_OBJECT_CONVERSION = YES_AGGRESSIVE;
				CLANG_CXX_LANGUAGE_STANDARD = "gnu++14";
				CLANG_CXX_LIBRARY = "libc++";
				CLANG_ENABLE_MODULES = YES;
				CLANG_ENABLE_OBJC_ARC = YES;
				CLANG_WARN_BLOCK_CAPTURE_AUTORELEASING = YES;
				CLANG_WARN_BOOL_CONVERSION = YES;
				CLANG_WARN_COMMA = YES;
				CLANG_WARN_CONSTANT_CONVERSION = YES;
				CLANG_WARN_DIRECT_OBJC_ISA_USAGE = YES_ERROR;
				CLANG_WARN_DOCUMENTATION_COMMENTS = YES;
				CLANG_WARN_EMPTY_BODY = YES;
				CLANG_WARN_ENUM_CONVERSION = YES;
				CLANG_WARN_INFINITE_RECURSION = YES;
				CLANG_WARN_INT_CONVERSION = YES;
				CLANG_WARN_NON_LITERAL_NULL_CONVERSION = YES;
				CLANG_WARN_OBJC_LITERAL_CONVERSION = YES;
				CLANG_WARN_OBJC_ROOT_CLASS = YES_ERROR;
				CLANG_WARN_RANGE_LOOP_ANALYSIS = YES;
				CLANG_WARN_STRICT_PROTOTYPES = YES;
				CLANG_WARN_SUSPICIOUS_MOVE = YES;
				CLANG_WARN_UNGUARDED_AVAILABILITY = YES_AGGRESSIVE;
				CLANG_WARN_UNREACHABLE_CODE = YES;
				CLANG_WARN__DUPLICATE_METHOD_MATCH = YES;
				CODE_SIGN_IDENTITY = "iPhone Developer";
				COPY_PHASE_STRIP = NO;
				DEBUG_INFORMATION_FORMAT = "dwarf-with-dsym";
				ENABLE_NS_ASSERTIONS = NO;
				ENABLE_STRICT_OBJC_MSGSEND = YES;
				GCC_C_LANGUAGE_STANDARD = gnu11;
				GCC_NO_COMMON_BLOCKS = YES;
				GCC_WARN_64_TO_32_BIT_CONVERSION = YES;
				GCC_WARN_ABOUT_RETURN_TYPE = YES_ERROR;
				GCC_WARN_UNDECLARED_SELECTOR = YES;
				GCC_WARN_UNINITIALIZED_AUTOS = YES_AGGRESSIVE;
				GCC_WARN_UNUSED_FUNCTION = YES;
				GCC_WARN_UNUSED_VARIABLE = YES;
				IPHONEOS_DEPLOYMENT_TARGET = 11.2;
				MTL_ENABLE_DEBUG_INFO = NO;
				SDKROOT = iphoneos;
				SWIFT_OPTIMIZATION_LEVEL = "-Owholemodule";
				VALIDATE_PRODUCT = YES;
			};
			name = Release;
		};
		A5693B2E2084E451005E8F44 /* Debug */ = {
			isa = XCBuildConfiguration;
			baseConfigurationReference = 41AD0D98B726FC8650A37930 /* Pods-FikaTime.debug.xcconfig */;
			buildSettings = {
				ASSETCATALOG_COMPILER_APPICON_NAME = AppIcon;
				CODE_SIGN_STYLE = Automatic;
				INFOPLIST_FILE = FikaTime/Info.plist;
				LD_RUNPATH_SEARCH_PATHS = "$(inherited) @executable_path/Frameworks";
				PRODUCT_BUNDLE_IDENTIFIER = com.miljav.FikaTime;
				PRODUCT_NAME = "$(TARGET_NAME)";
				SWIFT_VERSION = 4.0;
				TARGETED_DEVICE_FAMILY = "1,2";
			};
			name = Debug;
		};
		A5693B2F2084E451005E8F44 /* Release */ = {
			isa = XCBuildConfiguration;
			baseConfigurationReference = 3B60CA75F59EEEA3B238C6C3 /* Pods-FikaTime.release.xcconfig */;
			buildSettings = {
				ASSETCATALOG_COMPILER_APPICON_NAME = AppIcon;
				CODE_SIGN_STYLE = Automatic;
				INFOPLIST_FILE = FikaTime/Info.plist;
				LD_RUNPATH_SEARCH_PATHS = "$(inherited) @executable_path/Frameworks";
				PRODUCT_BUNDLE_IDENTIFIER = com.miljav.FikaTime;
				PRODUCT_NAME = "$(TARGET_NAME)";
				SWIFT_VERSION = 4.0;
				TARGETED_DEVICE_FAMILY = "1,2";
			};
			name = Release;
		};
/* End XCBuildConfiguration section */

/* Begin XCConfigurationList section */
		A5693B162084E451005E8F44 /* Build configuration list for PBXProject "FikaTime" */ = {
			isa = XCConfigurationList;
			buildConfigurations = (
				A5693B2B2084E451005E8F44 /* Debug */,
				A5693B2C2084E451005E8F44 /* Release */,
			);
			defaultConfigurationIsVisible = 0;
			defaultConfigurationName = Release;
		};
		A5693B2D2084E451005E8F44 /* Build configuration list for PBXNativeTarget "FikaTime" */ = {
			isa = XCConfigurationList;
			buildConfigurations = (
				A5693B2E2084E451005E8F44 /* Debug */,
				A5693B2F2084E451005E8F44 /* Release */,
			);
			defaultConfigurationIsVisible = 0;
			defaultConfigurationName = Release;
		};
/* End XCConfigurationList section */
	};
	rootObject = A5693B132084E451005E8F44 /* Project object */;
}
